
Microsoft Visual Studio Solution File, Format Version 12.00
# Visual Studio Version 16
VisualStudioVersion = 16.0.31112.23
MinimumVisualStudioVersion = 10.0.40219.1
Project("{FAE04EC0-301F-11D3-BF4B-00C04F79EFBC}") = "Poker Exercise", "Poker Exercise\Poker Exercise.csproj", "{C7E88DAE-DA8E-4097-BB0D-181F5DF984B7}"
EndProject
Global
	GlobalSection(SolutionConfigurationPlatforms) = preSolution
		Debug|Any CPU = Debug|Any CPU
		Release|Any CPU = Release|Any CPU
	EndGlobalSection
	GlobalSection(ProjectConfigurationPlatforms) = postSolution
		{C7E88DAE-DA8E-4097-BB0D-181F5DF984B7}.Debug|Any CPU.ActiveCfg = Debug|Any CPU
		{C7E88DAE-DA8E-4097-BB0D-181F5DF984B7}.Debug|Any CPU.Build.0 = Debug|Any CPU
		{C7E88DAE-DA8E-4097-BB0D-181F5DF984B7}.Release|Any CPU.ActiveCfg = Release|Any CPU
		{C7E88DAE-DA8E-4097-BB0D-181F5DF984B7}.Release|Any CPU.Build.0 = Release|Any CPU
	EndGlobalSection
	GlobalSection(SolutionProperties) = preSolution
		HideSolutionNode = FALSE
	EndGlobalSection
	GlobalSection(ExtensibilityGlobals) = postSolution
		SolutionGuid = {938C398D-2830-4E2C-8741-274BDC3DAED0}
	EndGlobalSection
EndGlobal
